
Microsoft Visual Studio Solution File, Format Version 12.00
# Visual Studio Version 17
VisualStudioVersion = 17.12.35707.178 d17.12
MinimumVisualStudioVersion = 10.0.40219.1
Project("{FAE04EC0-301F-11D3-BF4B-00C04F79EFBC}") = "WebApplication1", "WebApplication1\WebApplication1.csproj", "{D306ADAA-DA94-4496-B92D-B850123F8E21}"
EndProject
Project("{FAE04EC0-301F-11D3-BF4B-00C04F79EFBC}") = "Shared", "Shared\Shared.csproj", "{8D4D7109-4940-490D-B713-8400F0A87875}"
EndProject
Global
	GlobalSection(SolutionConfigurationPlatforms) = preSolution
		Debug|Any CPU = Debug|Any CPU
		Release|Any CPU = Release|Any CPU
	EndGlobalSection
	GlobalSection(ProjectConfigurationPlatforms) = postSolution
		{D306ADAA-DA94-4496-B92D-B850123F8E21}.Debug|Any CPU.ActiveCfg = Debug|Any CPU
		{D306ADAA-DA94-4496-B92D-B850123F8E21}.Debug|Any CPU.Build.0 = Debug|Any CPU
		{D306ADAA-DA94-4496-B92D-B850123F8E21}.Release|Any CPU.ActiveCfg = Release|Any CPU
		{D306ADAA-DA94-4496-B92D-B850123F8E21}.Release|Any CPU.Build.0 = Release|Any CPU
		{8D4D7109-4940-490D-B713-8400F0A87875}.Debug|Any CPU.ActiveCfg = Debug|Any CPU
		{8D4D7109-4940-490D-B713-8400F0A87875}.Debug|Any CPU.Build.0 = Debug|Any CPU
		{8D4D7109-4940-490D-B713-8400F0A87875}.Release|Any CPU.ActiveCfg = Release|Any CPU
		{8D4D7109-4940-490D-B713-8400F0A87875}.Release|Any CPU.Build.0 = Release|Any CPU
	EndGlobalSection
	GlobalSection(SolutionProperties) = preSolution
		HideSolutionNode = FALSE
	EndGlobalSection
EndGlobal
